
Microsoft Visual Studio Solution File, Format Version 12.00
# Visual Studio Version 17
VisualStudioVersion = 17.1.32210.238
MinimumVisualStudioVersion = 10.0.40219.1
Project("{FAE04EC0-301F-11D3-BF4B-00C04F79EFBC}") = "tpmodul5_1302204075", "tpmodul5_1302204075.csproj", "{C734C282-0759-4E0A-94AA-AF73FEEF413D}"
EndProject
Global
	GlobalSection(SolutionConfigurationPlatforms) = preSolution
		Debug|Any CPU = Debug|Any CPU
		Release|Any CPU = Release|Any CPU
	EndGlobalSection
	GlobalSection(ProjectConfigurationPlatforms) = postSolution
		{C734C282-0759-4E0A-94AA-AF73FEEF413D}.Debug|Any CPU.ActiveCfg = Debug|Any CPU
		{C734C282-0759-4E0A-94AA-AF73FEEF413D}.Debug|Any CPU.Build.0 = Debug|Any CPU
		{C734C282-0759-4E0A-94AA-AF73FEEF413D}.Release|Any CPU.ActiveCfg = Release|Any CPU
		{C734C282-0759-4E0A-94AA-AF73FEEF413D}.Release|Any CPU.Build.0 = Release|Any CPU
	EndGlobalSection
	GlobalSection(SolutionProperties) = preSolution
		HideSolutionNode = FALSE
	EndGlobalSection
	GlobalSection(ExtensibilityGlobals) = postSolution
		SolutionGuid = {ED65FBE3-1DCB-4D7B-BD3E-788FC48723EA}
	EndGlobalSection
EndGlobal
